
Microsoft Visual Studio Solution File, Format Version 12.00
# Visual Studio Version 17
VisualStudioVersion = 17.3.32819.101
MinimumVisualStudioVersion = 10.0.40219.1
Project("{FAE04EC0-301F-11D3-BF4B-00C04F79EFBC}") = "SkillTracker", "SkillTracker\SkillTracker.csproj", "{33EE8BEF-0516-4107-9E91-F4E038B8B807}"
EndProject
Global
	GlobalSection(SolutionConfigurationPlatforms) = preSolution
		Debug|Any CPU = Debug|Any CPU
		Release|Any CPU = Release|Any CPU
	EndGlobalSection
	GlobalSection(ProjectConfigurationPlatforms) = postSolution
		{33EE8BEF-0516-4107-9E91-F4E038B8B807}.Debug|Any CPU.ActiveCfg = Debug|Any CPU
		{33EE8BEF-0516-4107-9E91-F4E038B8B807}.Debug|Any CPU.Build.0 = Debug|Any CPU
		{33EE8BEF-0516-4107-9E91-F4E038B8B807}.Release|Any CPU.ActiveCfg = Release|Any CPU
		{33EE8BEF-0516-4107-9E91-F4E038B8B807}.Release|Any CPU.Build.0 = Release|Any CPU
	EndGlobalSection
	GlobalSection(SolutionProperties) = preSolution
		HideSolutionNode = FALSE
	EndGlobalSection
	GlobalSection(ExtensibilityGlobals) = postSolution
		SolutionGuid = {D3D2CC0A-7F1C-4206-82D2-CF2999300715}
	EndGlobalSection
EndGlobal
